
Microsoft Visual Studio Solution File, Format Version 12.00
# Visual Studio Version 16
VisualStudioVersion = 16.0.29230.47
MinimumVisualStudioVersion = 10.0.40219.1
Project("{FAE04EC0-301F-11D3-BF4B-00C04F79EFBC}") = "OZD.SmartExam.UI", "OZD.SmartExam.UI\OZD.SmartExam.UI.csproj", "{A78EB119-F640-49D0-90C7-B210E6BD8C45}"
EndProject
Project("{FAE04EC0-301F-11D3-BF4B-00C04F79EFBC}") = "OZD.SmartExam.App", "OZD.SmartExam.App\OZD.SmartExam.App.csproj", "{743425B4-0F5B-4B4F-89D1-C846653472B3}"
EndProject
Project("{FAE04EC0-301F-11D3-BF4B-00C04F79EFBC}") = "OZD.SmartExam.Library", "OZD.SmartExam.Library\OZD.SmartExam.Library.csproj", "{03C5835B-C352-47F6-A552-F3C315EE6A95}"
EndProject
Project("{2150E333-8FDC-42A3-9474-1A3956D46DE8}") = "UI", "UI", "{3B4C19C9-5891-4D3B-AA58-3E05E447141A}"
EndProject
Project("{54435603-DBB4-11D2-8724-00A0C9A8B90C}") = "OZD.SmartExam.Setup", "OZD.SmartExam.Setup\OZD.SmartExam.Setup.vdproj", "{8AD98CCB-B180-4729-A232-5D3E45023A0B}"
EndProject
Project("{FAE04EC0-301F-11D3-BF4B-00C04F79EFBC}") = "OZD.SmartExam.Test", "OZD.SmartExam.Test\OZD.SmartExam.Test.csproj", "{B60DF5C5-CA2C-4E88-BD66-42040E434640}"
EndProject
Global
	GlobalSection(SolutionConfigurationPlatforms) = preSolution
		Debug|Any CPU = Debug|Any CPU
		Debug|x64 = Debug|x64
		Debug|x86 = Debug|x86
		Release|Any CPU = Release|Any CPU
		Release|x64 = Release|x64
		Release|x86 = Release|x86
	EndGlobalSection
	GlobalSection(ProjectConfigurationPlatforms) = postSolution
		{A78EB119-F640-49D0-90C7-B210E6BD8C45}.Debug|Any CPU.ActiveCfg = Debug|Any CPU
		{A78EB119-F640-49D0-90C7-B210E6BD8C45}.Debug|Any CPU.Build.0 = Debug|Any CPU
		{A78EB119-F640-49D0-90C7-B210E6BD8C45}.Debug|x64.ActiveCfg = Debug|x64
		{A78EB119-F640-49D0-90C7-B210E6BD8C45}.Debug|x64.Build.0 = Debug|x64
		{A78EB119-F640-49D0-90C7-B210E6BD8C45}.Debug|x86.ActiveCfg = Debug|x86
		{A78EB119-F640-49D0-90C7-B210E6BD8C45}.Debug|x86.Build.0 = Debug|x86
		{A78EB119-F640-49D0-90C7-B210E6BD8C45}.Release|Any CPU.ActiveCfg = Release|Any CPU
		{A78EB119-F640-49D0-90C7-B210E6BD8C45}.Release|Any CPU.Build.0 = Release|Any CPU
		{A78EB119-F640-49D0-90C7-B210E6BD8C45}.Release|x64.ActiveCfg = Release|x64
		{A78EB119-F640-49D0-90C7-B210E6BD8C45}.Release|x64.Build.0 = Release|x64
		{A78EB119-F640-49D0-90C7-B210E6BD8C45}.Release|x86.ActiveCfg = Release|x86
		{A78EB119-F640-49D0-90C7-B210E6BD8C45}.Release|x86.Build.0 = Release|x86
		{743425B4-0F5B-4B4F-89D1-C846653472B3}.Debug|Any CPU.ActiveCfg = Debug|Any CPU
		{743425B4-0F5B-4B4F-89D1-C846653472B3}.Debug|Any CPU.Build.0 = Debug|Any CPU
		{743425B4-0F5B-4B4F-89D1-C846653472B3}.Debug|x64.ActiveCfg = Debug|x64
		{743425B4-0F5B-4B4F-89D1-C846653472B3}.Debug|x64.Build.0 = Debug|x64
		{743425B4-0F5B-4B4F-89D1-C846653472B3}.Debug|x86.ActiveCfg = Debug|x86
		{743425B4-0F5B-4B4F-89D1-C846653472B3}.Debug|x86.Build.0 = Debug|x86
		{743425B4-0F5B-4B4F-89D1-C846653472B3}.Release|Any CPU.ActiveCfg = Release|Any CPU
		{743425B4-0F5B-4B4F-89D1-C846653472B3}.Release|Any CPU.Build.0 = Release|Any CPU
		{743425B4-0F5B-4B4F-89D1-C846653472B3}.Release|x64.ActiveCfg = Release|x64
		{743425B4-0F5B-4B4F-89D1-C846653472B3}.Release|x64.Build.0 = Release|x64
		{743425B4-0F5B-4B4F-89D1-C846653472B3}.Release|x86.ActiveCfg = Release|x86
		{743425B4-0F5B-4B4F-89D1-C846653472B3}.Release|x86.Build.0 = Release|x86
		{03C5835B-C352-47F6-A552-F3C315EE6A95}.Debug|Any CPU.ActiveCfg = Debug|Any CPU
		{03C5835B-C352-47F6-A552-F3C315EE6A95}.Debug|Any CPU.Build.0 = Debug|Any CPU
		{03C5835B-C352-47F6-A552-F3C315EE6A95}.Debug|x64.ActiveCfg = Debug|x64
		{03C5835B-C352-47F6-A552-F3C315EE6A95}.Debug|x64.Build.0 = Debug|x64
		{03C5835B-C352-47F6-A552-F3C315EE6A95}.Debug|x86.ActiveCfg = Debug|x86
		{03C5835B-C352-47F6-A552-F3C315EE6A95}.Debug|x86.Build.0 = Debug|x86
		{03C5835B-C352-47F6-A552-F3C315EE6A95}.Release|Any CPU.ActiveCfg = Release|Any CPU
		{03C5835B-C352-47F6-A552-F3C315EE6A95}.Release|Any CPU.Build.0 = Release|Any CPU
		{03C5835B-C352-47F6-A552-F3C315EE6A95}.Release|x64.ActiveCfg = Release|x64
		{03C5835B-C352-47F6-A552-F3C315EE6A95}.Release|x64.Build.0 = Release|x64
		{03C5835B-C352-47F6-A552-F3C315EE6A95}.Release|x86.ActiveCfg = Release|x86
		{03C5835B-C352-47F6-A552-F3C315EE6A95}.Release|x86.Build.0 = Release|x86
		{8AD98CCB-B180-4729-A232-5D3E45023A0B}.Debug|Any CPU.ActiveCfg = Debug
		{8AD98CCB-B180-4729-A232-5D3E45023A0B}.Debug|x64.ActiveCfg = Debug
		{8AD98CCB-B180-4729-A232-5D3E45023A0B}.Debug|x86.ActiveCfg = Debug
		{8AD98CCB-B180-4729-A232-5D3E45023A0B}.Release|Any CPU.ActiveCfg = Release
		{8AD98CCB-B180-4729-A232-5D3E45023A0B}.Release|Any CPU.Build.0 = Release
		{8AD98CCB-B180-4729-A232-5D3E45023A0B}.Release|x64.ActiveCfg = Release
		{8AD98CCB-B180-4729-A232-5D3E45023A0B}.Release|x86.ActiveCfg = Release
		{B60DF5C5-CA2C-4E88-BD66-42040E434640}.Debug|Any CPU.ActiveCfg = Debug|Any CPU
		{B60DF5C5-CA2C-4E88-BD66-42040E434640}.Debug|Any CPU.Build.0 = Debug|Any CPU
		{B60DF5C5-CA2C-4E88-BD66-42040E434640}.Debug|x64.ActiveCfg = Debug|Any CPU
		{B60DF5C5-CA2C-4E88-BD66-42040E434640}.Debug|x64.Build.0 = Debug|Any CPU
		{B60DF5C5-CA2C-4E88-BD66-42040E434640}.Debug|x86.ActiveCfg = Debug|Any CPU
		{B60DF5C5-CA2C-4E88-BD66-42040E434640}.Debug|x86.Build.0 = Debug|Any CPU
		{B60DF5C5-CA2C-4E88-BD66-42040E434640}.Release|Any CPU.ActiveCfg = Release|Any CPU
		{B60DF5C5-CA2C-4E88-BD66-42040E434640}.Release|Any CPU.Build.0 = Release|Any CPU
		{B60DF5C5-CA2C-4E88-BD66-42040E434640}.Release|x64.ActiveCfg = Release|Any CPU
		{B60DF5C5-CA2C-4E88-BD66-42040E434640}.Release|x64.Build.0 = Release|Any CPU
		{B60DF5C5-CA2C-4E88-BD66-42040E434640}.Release|x86.ActiveCfg = Release|Any CPU
		{B60DF5C5-CA2C-4E88-BD66-42040E434640}.Release|x86.Build.0 = Release|Any CPU
	EndGlobalSection
	GlobalSection(SolutionProperties) = preSolution
		HideSolutionNode = FALSE
	EndGlobalSection
	GlobalSection(NestedProjects) = preSolution
		{A78EB119-F640-49D0-90C7-B210E6BD8C45} = {3B4C19C9-5891-4D3B-AA58-3E05E447141A}
		{743425B4-0F5B-4B4F-89D1-C846653472B3} = {3B4C19C9-5891-4D3B-AA58-3E05E447141A}
	EndGlobalSection
	GlobalSection(ExtensibilityGlobals) = postSolution
		SolutionGuid = {8517FD45-2FC2-4C65-BFFA-1425650846F3}
	EndGlobalSection
EndGlobal
